{
  "requires": true,
  "lockfileVersion": 1,
  "dependencies": {
    "p-iteration": {
      "version": "1.1.7",
      "resolved": "https://registry.npmjs.org/p-iteration/-/p-iteration-1.1.7.tgz",
      "integrity": "sha512-VsYvUPjm2edbKkX4QzlASC1qB2e4Z6IE9WPaRVHKwCtobmB6vfUcU9eBOwj1k5uMNi8O6w89QfsDatO5ePSjQg=="
    }
  }
}
